
Microsoft Visual Studio Solution File, Format Version 12.00
# Visual Studio Version 16
VisualStudioVersion = 16.0.29324.140
MinimumVisualStudioVersion = 10.0.40219.1
Project("{FAE04EC0-301F-11D3-BF4B-00C04F79EFBC}") = "HastaKayitSistemi", "HastaKayitSistemi\HastaKayitSistemi.csproj", "{73AEF4AF-7245-4837-BF67-1F71BEA9DC4C}"
EndProject
Project("{FAE04EC0-301F-11D3-BF4B-00C04F79EFBC}") = "HastaKayitSistemi.DATA", "..\..\HastaneRandevuSistemi\HastaKayitSistemi.DATA\HastaKayitSistemi.DATA.csproj", "{4520AB03-1D79-4162-9D04-6C70D2CD8BC3}"
EndProject
Global
	GlobalSection(SolutionConfigurationPlatforms) = preSolution
		Debug|Any CPU = Debug|Any CPU
		Release|Any CPU = Release|Any CPU
	EndGlobalSection
	GlobalSection(ProjectConfigurationPlatforms) = postSolution
		{73AEF4AF-7245-4837-BF67-1F71BEA9DC4C}.Debug|Any CPU.ActiveCfg = Debug|Any CPU
		{73AEF4AF-7245-4837-BF67-1F71BEA9DC4C}.Debug|Any CPU.Build.0 = Debug|Any CPU
		{73AEF4AF-7245-4837-BF67-1F71BEA9DC4C}.Release|Any CPU.ActiveCfg = Release|Any CPU
		{73AEF4AF-7245-4837-BF67-1F71BEA9DC4C}.Release|Any CPU.Build.0 = Release|Any CPU
		{4520AB03-1D79-4162-9D04-6C70D2CD8BC3}.Debug|Any CPU.ActiveCfg = Debug|Any CPU
		{4520AB03-1D79-4162-9D04-6C70D2CD8BC3}.Debug|Any CPU.Build.0 = Debug|Any CPU
		{4520AB03-1D79-4162-9D04-6C70D2CD8BC3}.Release|Any CPU.ActiveCfg = Release|Any CPU
		{4520AB03-1D79-4162-9D04-6C70D2CD8BC3}.Release|Any CPU.Build.0 = Release|Any CPU
	EndGlobalSection
	GlobalSection(SolutionProperties) = preSolution
		HideSolutionNode = FALSE
	EndGlobalSection
	GlobalSection(ExtensibilityGlobals) = postSolution
		SolutionGuid = {93BA48CA-EEB8-40A0-AFD3-D25A3608F2D2}
	EndGlobalSection
EndGlobal
